
Microsoft Visual Studio Solution File, Format Version 12.00
# Visual Studio 2012
Project("{FAE04EC0-301F-11D3-BF4B-00C04F79EFBC}") = "Utility", "Utility\Utility.csproj", "{17ACFEB2-8904-4FC2-B619-FE69677011E2}"
EndProject
Project("{FAE04EC0-301F-11D3-BF4B-00C04F79EFBC}") = "Persistence", "Persistence\Persistence.csproj", "{FCD5B9A9-29DD-4184-933A-696EFFBE9151}"
EndProject
Project("{FAE04EC0-301F-11D3-BF4B-00C04F79EFBC}") = "SharePointLib", "SharePointLib\SharePointLib.csproj", "{53408C7C-62B0-42E1-972F-8ABD32CAD4DD}"
EndProject
Global
	GlobalSection(SolutionConfigurationPlatforms) = preSolution
		Debug|Any CPU = Debug|Any CPU
		Release|Any CPU = Release|Any CPU
	EndGlobalSection
	GlobalSection(ProjectConfigurationPlatforms) = postSolution
		{17ACFEB2-8904-4FC2-B619-FE69677011E2}.Debug|Any CPU.ActiveCfg = Debug|Any CPU
		{17ACFEB2-8904-4FC2-B619-FE69677011E2}.Debug|Any CPU.Build.0 = Debug|Any CPU
		{17ACFEB2-8904-4FC2-B619-FE69677011E2}.Release|Any CPU.ActiveCfg = Release|Any CPU
		{17ACFEB2-8904-4FC2-B619-FE69677011E2}.Release|Any CPU.Build.0 = Release|Any CPU
		{FCD5B9A9-29DD-4184-933A-696EFFBE9151}.Debug|Any CPU.ActiveCfg = Debug|Any CPU
		{FCD5B9A9-29DD-4184-933A-696EFFBE9151}.Debug|Any CPU.Build.0 = Debug|Any CPU
		{FCD5B9A9-29DD-4184-933A-696EFFBE9151}.Release|Any CPU.ActiveCfg = Release|Any CPU
		{FCD5B9A9-29DD-4184-933A-696EFFBE9151}.Release|Any CPU.Build.0 = Release|Any CPU
		{53408C7C-62B0-42E1-972F-8ABD32CAD4DD}.Debug|Any CPU.ActiveCfg = Debug|Any CPU
		{53408C7C-62B0-42E1-972F-8ABD32CAD4DD}.Debug|Any CPU.Build.0 = Debug|Any CPU
		{53408C7C-62B0-42E1-972F-8ABD32CAD4DD}.Release|Any CPU.ActiveCfg = Release|Any CPU
		{53408C7C-62B0-42E1-972F-8ABD32CAD4DD}.Release|Any CPU.Build.0 = Release|Any CPU
	EndGlobalSection
	GlobalSection(SolutionProperties) = preSolution
		HideSolutionNode = FALSE
	EndGlobalSection
EndGlobal
